<?xml version="1.0" encoding="utf-8"?>
<Project ToolsVersion="4.0" xmlns="http://schemas.microsoft.com/developer/msbuild/2003">
  <ItemGroup>
    <Filter Include="Component">
      <UniqueIdentifier>{f7940c6b-caed-453c-8068-c916edcd0c7b}</UniqueIdentifier>
    </Filter>
    <Filter Include="Main">
      <UniqueIdentifier>{4FC737F1-C7A5-4376-A066-2A32D752A2FF}</UniqueIdentifier>
      <Extensions>cpp;c;cc;cxx;c++;cppm;ixx;def;odl;idl;hpj;bat;asm;asmx</Extensions>
    </Filter>
    <Filter Include="Command">
      <UniqueIdentifier>{fc6e84bd-dadb-44f4-a788-f72cdedbc928}</UniqueIdentifier>
    </Filter>
    <Filter Include="Prefabs">
      <UniqueIdentifier>{332b561e-bac2-45f0-9eaf-d15a5b875f32}</UniqueIdentifier>
    </Filter>
  </ItemGroup>
  <ItemGroup>
    <ClCompile Include="main.cpp">
      <Filter>Main</Filter>
    </ClCompile>
    <ClCompile Include="FPSCounter.cpp">
      <Filter>Component</Filter>
    </ClCompile>
    <ClCompile Include="MoveLeftCommand.cpp">
      <Filter>Command</Filter>
    </ClCompile>
    <ClCompile Include="MoveRightCommand.cpp">
      <Filter>Command</Filter>
    </ClCompile>
    <ClCompile Include="BubbleBobble.cpp">
      <Filter>Prefabs</Filter>
    </ClCompile>
    <ClCompile Include="Avatar.cpp">
      <Filter>Prefabs</Filter>
    </ClCompile>
    <ClCompile Include="LevelLoader.cpp">
      <Filter>Prefabs</Filter>
    </ClCompile>
    <ClCompile Include="Block.cpp">
      <Filter>Prefabs</Filter>
    </ClCompile>
    <ClCompile Include="JumpCommand.cpp">
      <Filter>Command</Filter>
    </ClCompile>
    <ClCompile Include="Platform.cpp">
      <Filter>Prefabs</Filter>
    </ClCompile>
    <ClCompile Include="ZenChan.cpp">
      <Filter>Prefabs</Filter>
    </ClCompile>
    <ClCompile Include="ShootBubbleCommand.cpp">
      <Filter>Command</Filter>
    </ClCompile>
    <ClCompile Include="Bubble.cpp">
      <Filter>Prefabs</Filter>
    </ClCompile>
    <ClCompile Include="BubbleComponent.cpp">
      <Filter>Component</Filter>
    </ClCompile>
    <ClCompile Include="AvatarComponent.cpp">
      <Filter>Component</Filter>
    </ClCompile>
    <ClCompile Include="EnemyComponent.cpp">
      <Filter>Component</Filter>
    </ClCompile>
    <ClCompile Include="Food.cpp">
      <Filter>Prefabs</Filter>
    </ClCompile>
    <ClCompile Include="FoodComponent.cpp">
      <Filter>Component</Filter>
    </ClCompile>
    <ClCompile Include="LeaveMenuCommand.cpp">
      <Filter>Command</Filter>
    </ClCompile>
    <ClCompile Include="ScoreDisplay.cpp">
      <Filter>Component</Filter>
    </ClCompile>
    <ClCompile Include="ZenChanComponent.cpp">
      <Filter>Component</Filter>
    </ClCompile>
    <ClCompile Include="Maita.cpp">
      <Filter>Prefabs</Filter>
    </ClCompile>
    <ClCompile Include="MaitaComponent.cpp">
      <Filter>Component</Filter>
    </ClCompile>
    <ClCompile Include="Rock.cpp">
      <Filter>Prefabs</Filter>
    </ClCompile>
    <ClCompile Include="RockComponent.cpp">
      <Filter>Component</Filter>
    </ClCompile>
    <ClCompile Include="HUD.cpp">
      <Filter>Prefabs</Filter>
    </ClCompile>
  </ItemGroup>
  <ItemGroup>
    <ClInclude Include="FPSCounter.h">
      <Filter>Component</Filter>
    </ClInclude>
    <ClInclude Include="MoveLeftCommand.h">
      <Filter>Command</Filter>
    </ClInclude>
    <ClInclude Include="MoveRightCommand.h">
      <Filter>Command</Filter>
    </ClInclude>
    <ClInclude Include="BubbleBobble.h">
      <Filter>Prefabs</Filter>
    </ClInclude>
    <ClInclude Include="Avatar.h">
      <Filter>Prefabs</Filter>
    </ClInclude>
    <ClInclude Include="LevelLoader.h">
      <Filter>Prefabs</Filter>
    </ClInclude>
    <ClInclude Include="Block.h">
      <Filter>Prefabs</Filter>
    </ClInclude>
    <ClInclude Include="JumpCommand.h">
      <Filter>Command</Filter>
    </ClInclude>
    <ClInclude Include="Platform.h">
      <Filter>Prefabs</Filter>
    </ClInclude>
    <ClInclude Include="ZenChan.h">
      <Filter>Prefabs</Filter>
    </ClInclude>
    <ClInclude Include="ShootBubbleCommand.h">
      <Filter>Command</Filter>
    </ClInclude>
    <ClInclude Include="Bubble.h">
      <Filter>Prefabs</Filter>
    </ClInclude>
    <ClInclude Include="BubbleComponent.h">
      <Filter>Component</Filter>
    </ClInclude>
    <ClInclude Include="AvatarComponent.h">
      <Filter>Component</Filter>
    </ClInclude>
    <ClInclude Include="EnemyComponent.h">
      <Filter>Component</Filter>
    </ClInclude>
    <ClInclude Include="Food.h">
      <Filter>Prefabs</Filter>
    </ClInclude>
    <ClInclude Include="FoodComponent.h">
      <Filter>Component</Filter>
    </ClInclude>
    <ClInclude Include="LeaveMenuCommand.h">
      <Filter>Command</Filter>
    </ClInclude>
    <ClInclude Include="ScoreDisplay.h">
      <Filter>Component</Filter>
    </ClInclude>
    <ClInclude Include="ZenChanComponent.h">
      <Filter>Component</Filter>
    </ClInclude>
    <ClInclude Include="Maita.h">
      <Filter>Prefabs</Filter>
    </ClInclude>
    <ClInclude Include="MaitaComponent.h">
      <Filter>Component</Filter>
    </ClInclude>
    <ClInclude Include="Rock.h">
      <Filter>Prefabs</Filter>
    </ClInclude>
    <ClInclude Include="RockComponent.h">
      <Filter>Component</Filter>
    </ClInclude>
    <ClInclude Include="HUD.h">
      <Filter>Prefabs</Filter>
    </ClInclude>
  </ItemGroup>
</Project>