<?xml version="1.0" encoding="utf-8"?>
<Project ToolsVersion="4.0" xmlns="http://schemas.microsoft.com/developer/msbuild/2003">
  <ItemGroup>
    <Filter Include="Resource Files">
      <UniqueIdentifier>{67DA6AB6-F800-4c08-8B7A-83BB121AAD01}</UniqueIdentifier>
      <Extensions>rc;ico;cur;bmp;dlg;rc2;rct;bin;rgs;gif;jpg;jpeg;jpe;resx;tiff;tif;png;wav;mfcribbon-ms</Extensions>
    </Filter>
    <Filter Include="Engine Files">
      <UniqueIdentifier>{93995380-89BD-4b04-88EB-625FBE52EBFB}</UniqueIdentifier>
      <Extensions>h;hh;hpp;hxx;hm;inl;inc;xsd</Extensions>
    </Filter>
    <Filter Include="Game Files">
      <UniqueIdentifier>{4FC737F1-C7A5-4376-A066-2A32D752A2FF}</UniqueIdentifier>
      <Extensions>cpp;c;cc;cxx;def;odl;idl;hpj;bat;asm;asmx</Extensions>
    </Filter>
    <Filter Include="Engine Files\Observers">
      <UniqueIdentifier>{e89758e3-14cb-4065-846d-6c5aece52d65}</UniqueIdentifier>
    </Filter>
    <Filter Include="Engine Files\Components">
      <UniqueIdentifier>{9f16af71-1425-40a2-8e4b-b67b4fda64ef}</UniqueIdentifier>
    </Filter>
    <Filter Include="Engine Files\Input">
      <UniqueIdentifier>{c6b30b48-c9b4-4ddf-9ffe-753d1ac1258f}</UniqueIdentifier>
    </Filter>
    <Filter Include="Engine Files\Core">
      <UniqueIdentifier>{534b742c-6c21-45ce-9a63-4aae179a3ebd}</UniqueIdentifier>
    </Filter>
    <Filter Include="Engine Files\Scenes">
      <UniqueIdentifier>{5de317ad-30f5-4182-a28c-994f4056d746}</UniqueIdentifier>
    </Filter>
    <Filter Include="Engine Files\Steam">
      <UniqueIdentifier>{5d1fffa2-c275-4a65-b8f8-d8c79b919715}</UniqueIdentifier>
    </Filter>
  </ItemGroup>
  <ItemGroup>
    <ClInclude Include="FPSCounter.h">
      <Filter>Engine Files\Components</Filter>
    </ClInclude>
    <ClInclude Include="Component.h">
      <Filter>Engine Files\Components</Filter>
    </ClInclude>
    <ClInclude Include="TextComponent.h">
      <Filter>Engine Files\Components</Filter>
    </ClInclude>
    <ClInclude Include="TextureComponent.h">
      <Filter>Engine Files\Components</Filter>
    </ClInclude>
    <ClInclude Include="Transform.h">
      <Filter>Engine Files\Components</Filter>
    </ClInclude>
    <ClInclude Include="RotatorComponent.h">
      <Filter>Engine Files\Components</Filter>
    </ClInclude>
    <ClInclude Include="HealthComponent.h">
      <Filter>Engine Files\Components</Filter>
    </ClInclude>
    <ClInclude Include="Achievements.h">
      <Filter>Engine Files\Observers</Filter>
    </ClInclude>
    <ClInclude Include="XBox360Controller.h">
      <Filter>Engine Files\Input</Filter>
    </ClInclude>
    <ClInclude Include="InputManager.h">
      <Filter>Engine Files\Input</Filter>
    </ClInclude>
    <ClInclude Include="Command.h">
      <Filter>Engine Files\Input</Filter>
    </ClInclude>
    <ClInclude Include="Observer.h">
      <Filter>Engine Files\Observers</Filter>
    </ClInclude>
    <ClInclude Include="Texture2D.h">
      <Filter>Engine Files\Core</Filter>
    </ClInclude>
    <ClInclude Include="Time.h">
      <Filter>Engine Files\Core</Filter>
    </ClInclude>
    <ClInclude Include="Minigin.h">
      <Filter>Engine Files\Core</Filter>
    </ClInclude>
    <ClInclude Include="Singleton.h">
      <Filter>Engine Files\Core</Filter>
    </ClInclude>
    <ClInclude Include="Scene.h">
      <Filter>Engine Files\Scenes</Filter>
    </ClInclude>
    <ClInclude Include="SceneManager.h">
      <Filter>Engine Files\Scenes</Filter>
    </ClInclude>
    <ClInclude Include="ResourceManager.h">
      <Filter>Engine Files\Core</Filter>
    </ClInclude>
    <ClInclude Include="GameObject.h">
      <Filter>Engine Files\Core</Filter>
    </ClInclude>
    <ClInclude Include="Font.h">
      <Filter>Engine Files\Core</Filter>
    </ClInclude>
    <ClInclude Include="Renderer.h">
      <Filter>Engine Files\Core</Filter>
    </ClInclude>
    <ClInclude Include="Subject.h">
      <Filter>Engine Files\Observers</Filter>
    </ClInclude>
    <ClInclude Include="StatsDisplay.h">
      <Filter>Engine Files\Observers</Filter>
    </ClInclude>
    <ClInclude Include="CSteamAchievements.h">
      <Filter>Engine Files\Steam</Filter>
    </ClInclude>
    <ClInclude Include="ScoreComponent.h">
      <Filter>Engine Files\Components</Filter>
    </ClInclude>
  </ItemGroup>
  <ItemGroup>
    <ClCompile Include="FPSCounter.cpp">
      <Filter>Engine Files\Components</Filter>
    </ClCompile>
    <ClCompile Include="Main.cpp">
      <Filter>Game Files</Filter>
    </ClCompile>
    <ClCompile Include="Component.cpp">
      <Filter>Engine Files\Components</Filter>
    </ClCompile>
    <ClCompile Include="TextComponent.cpp">
      <Filter>Engine Files\Components</Filter>
    </ClCompile>
    <ClCompile Include="TextureComponent.cpp">
      <Filter>Engine Files\Components</Filter>
    </ClCompile>
    <ClCompile Include="Transform.cpp">
      <Filter>Engine Files\Components</Filter>
    </ClCompile>
    <ClCompile Include="RotatorComponent.cpp">
      <Filter>Engine Files\Components</Filter>
    </ClCompile>
    <ClCompile Include="HealthComponent.cpp">
      <Filter>Engine Files\Components</Filter>
    </ClCompile>
    <ClCompile Include="Achievements.cpp">
      <Filter>Engine Files\Observers</Filter>
    </ClCompile>
    <ClCompile Include="XBox360Controller.cpp">
      <Filter>Engine Files\Input</Filter>
    </ClCompile>
    <ClCompile Include="InputManager.cpp">
      <Filter>Engine Files\Input</Filter>
    </ClCompile>
    <ClCompile Include="Command.cpp">
      <Filter>Engine Files\Input</Filter>
    </ClCompile>
    <ClCompile Include="Texture2D.cpp">
      <Filter>Engine Files\Core</Filter>
    </ClCompile>
    <ClCompile Include="Time.cpp">
      <Filter>Engine Files\Core</Filter>
    </ClCompile>
    <ClCompile Include="Minigin.cpp">
      <Filter>Engine Files\Core</Filter>
    </ClCompile>
    <ClCompile Include="Scene.cpp">
      <Filter>Engine Files\Scenes</Filter>
    </ClCompile>
    <ClCompile Include="SceneManager.cpp">
      <Filter>Engine Files\Scenes</Filter>
    </ClCompile>
    <ClCompile Include="ResourceManager.cpp">
      <Filter>Engine Files\Core</Filter>
    </ClCompile>
    <ClCompile Include="GameObject.cpp">
      <Filter>Engine Files\Core</Filter>
    </ClCompile>
    <ClCompile Include="Font.cpp">
      <Filter>Engine Files\Core</Filter>
    </ClCompile>
    <ClCompile Include="Renderer.cpp">
      <Filter>Engine Files\Core</Filter>
    </ClCompile>
    <ClCompile Include="Subject.cpp">
      <Filter>Engine Files\Observers</Filter>
    </ClCompile>
    <ClCompile Include="StatsDisplay.cpp">
      <Filter>Engine Files\Observers</Filter>
    </ClCompile>
    <ClCompile Include="CSteamAchievements.cpp">
      <Filter>Engine Files\Steam</Filter>
    </ClCompile>
    <ClCompile Include="ScoreComponent.cpp">
      <Filter>Engine Files\Components</Filter>
    </ClCompile>
  </ItemGroup>
  <ItemGroup>
    <CustomBuild Include="steam_appid.txt">
      <Filter>Engine Files\Steam</Filter>
    </CustomBuild>
  </ItemGroup>
</Project>